{
  "name": "ch12",
  "version": "1.0.0",
  "lockfileVersion": 2,
  "requires": true,
  "packages": {
    "": {
      "name": "ch12",
      "version": "1.0.0",
      "license": "ISC",
      "dependencies": {
        "forever": "^4.0.1",
        "morgan": "^1.10.0",
        "pm2": "^5.1.2"
      },
      "devDependencies": {
        "@types/morgan": "^1.9.3"
      }
    },
    "../../node_modules/.pnpm/@types+morgan@1.9.3/node_modules/@types/morgan": {
      "version": "1.9.3",
      "dev": true,
      "license": "MIT",
      "dependencies": {
        "@types/node": "*"
      }
    },
    "../../node_modules/.pnpm/forever@4.0.1/node_modules/forever": {
      "version": "4.0.1",
      "license": "MIT",
      "dependencies": {
        "async": "^1.5.2",
        "cliff": "^0.1.10",
        "clone": "^2.1.2",
        "colors": "^0.6.2",
        "configstore": "4.0.0",
        "eventemitter2": "6.4.4",
        "flatiron": "~0.4.3",
        "forever-monitor": "^3.0.3",
        "mkdirp": "^0.5.5",
        "nssocket": "^0.6.0",
        "object-assign": "^4.1.1",
        "prettyjson": "^1.2.1",
        "shush": "^1.0.0",
        "winston": "~0.8.1"
      },
      "bin": {
        "forever": "bin/forever"
      },
      "devDependencies": {
        "chai": "^4.2.0",
        "cli-testlab": "^1.10.0",
        "eslint": "^5.16.0",
        "eslint-config-prettier": "^6.11.0",
        "eslint-plugin-prettier": "^3.1.3",
        "getopts": "2.3.0",
        "mocha": "^6.2.2",
        "moment": "^2.24.0",
        "prettier": "^1.19.1",
        "request": "2.88.2",
        "vows": "0.7.x"
      },
      "engines": {
        "node": ">=6"
      }
    },
    "../../node_modules/.pnpm/morgan@1.10.0/node_modules/morgan": {
      "version": "1.10.0",
      "extraneous": true,
      "license": "MIT",
      "dependencies": {
        "basic-auth": "~2.0.1",
        "debug": "2.6.9",
        "depd": "~2.0.0",
        "on-finished": "~2.3.0",
        "on-headers": "~1.0.2"
      },
      "devDependencies": {
        "eslint": "6.8.0",
        "eslint-config-standard": "14.1.0",
        "eslint-plugin-import": "2.20.1",
        "eslint-plugin-markdown": "1.0.2",
        "eslint-plugin-node": "9.2.0",
        "eslint-plugin-promise": "4.2.1",
        "eslint-plugin-standard": "4.0.1",
        "mocha": "7.1.1",
        "nyc": "15.0.0",
        "split": "1.0.1",
        "supertest": "4.0.2"
      },
      "engines": {
        "node": ">= 0.8.0"
      }
    },
    "../../node_modules/.pnpm/pm2@5.1.2/node_modules/pm2": {
      "version": "5.1.2",
      "license": "AGPL-3.0",
      "dependencies": {
        "@pm2/agent": "~2.0.0",
        "@pm2/io": "~5.0.0",
        "@pm2/js-api": "~0.6.7",
        "@pm2/pm2-version-check": "latest",
        "async": "~3.2.0",
        "blessed": "0.1.81",
        "chalk": "3.0.0",
        "chokidar": "^3.5.1",
        "cli-tableau": "^2.0.0",
        "commander": "2.15.1",
        "cron": "1.8.2",
        "dayjs": "~1.8.25",
        "debug": "^4.3.1",
        "enquirer": "2.3.6",
        "eventemitter2": "5.0.1",
        "fclone": "1.0.11",
        "mkdirp": "1.0.4",
        "needle": "2.4.0",
        "pidusage": "2.0.21",
        "pm2-axon": "~4.0.1",
        "pm2-axon-rpc": "~0.7.1",
        "pm2-deploy": "~1.0.2",
        "pm2-multimeter": "^0.1.2",
        "promptly": "^2",
        "semver": "^7.2",
        "source-map-support": "0.5.19",
        "sprintf-js": "1.1.2",
        "vizion": "~2.2.1",
        "yamljs": "0.3.0"
      },
      "bin": {
        "pm2": "bin/pm2",
        "pm2-dev": "bin/pm2-dev",
        "pm2-docker": "bin/pm2-docker",
        "pm2-runtime": "bin/pm2-runtime"
      },
      "devDependencies": {
        "mocha": "^8.3.2",
        "should": "^13.2.3"
      },
      "engines": {
        "node": ">=10.0.0"
      },
      "optionalDependencies": {
        "pm2-sysmonit": "^1.2.8"
      }
    },
    "node_modules/@types/morgan": {
      "resolved": "../../node_modules/.pnpm/@types+morgan@1.9.3/node_modules/@types/morgan",
      "link": true
    },
    "node_modules/basic-auth": {
      "version": "2.0.1",
      "resolved": "https://registry.npmjs.org/basic-auth/-/basic-auth-2.0.1.tgz",
      "integrity": "sha512-NF+epuEdnUYVlGuhaxbbq+dvJttwLnGY+YixlXlME5KpQ5W3CnXA5cVTneY3SPbPDRkcjMbifrwmFYcClgOZeg==",
      "dependencies": {
        "safe-buffer": "5.1.2"
      },
      "engines": {
        "node": ">= 0.8"
      }
    },
    "node_modules/debug": {
      "version": "2.6.9",
      "resolved": "https://registry.npmjs.org/debug/-/debug-2.6.9.tgz",
      "integrity": "sha512-bC7ElrdJaJnPbAP+1EotYvqZsb3ecl5wi6Bfi6BJTUcNowp6cvspg0jXznRTKDjm/E7AdgFBVeAPVMNcKGsHMA==",
      "dependencies": {
        "ms": "2.0.0"
      }
    },
    "node_modules/depd": {
      "version": "2.0.0",
      "resolved": "https://registry.npmjs.org/depd/-/depd-2.0.0.tgz",
      "integrity": "sha512-g7nH6P6dyDioJogAAGprGpCtVImJhpPk/roCzdb3fIh61/s/nPsfR6onyMwkCAR/OlC3yBC0lESvUoQEAssIrw==",
      "engines": {
        "node": ">= 0.8"
      }
    },
    "node_modules/ee-first": {
      "version": "1.1.1",
      "resolved": "https://registry.npmjs.org/ee-first/-/ee-first-1.1.1.tgz",
      "integrity": "sha1-WQxhFWsK4vTwJVcyoViyZrxWsh0="
    },
    "node_modules/forever": {
      "resolved": "../../node_modules/.pnpm/forever@4.0.1/node_modules/forever",
      "link": true
    },
    "node_modules/morgan": {
      "version": "1.10.0",
      "resolved": "https://registry.npmjs.org/morgan/-/morgan-1.10.0.tgz",
      "integrity": "sha512-AbegBVI4sh6El+1gNwvD5YIck7nSA36weD7xvIxG4in80j/UoK8AEGaWnnz8v1GxonMCltmlNs5ZKbGvl9b1XQ==",
      "dependencies": {
        "basic-auth": "~2.0.1",
        "debug": "2.6.9",
        "depd": "~2.0.0",
        "on-finished": "~2.3.0",
        "on-headers": "~1.0.2"
      },
      "engines": {
        "node": ">= 0.8.0"
      }
    },
    "node_modules/ms": {
      "version": "2.0.0",
      "resolved": "https://registry.npmjs.org/ms/-/ms-2.0.0.tgz",
      "integrity": "sha1-VgiurfwAvmwpAd9fmGF4jeDVl8g="
    },
    "node_modules/on-finished": {
      "version": "2.3.0",
      "resolved": "https://registry.npmjs.org/on-finished/-/on-finished-2.3.0.tgz",
      "integrity": "sha1-IPEzZIGwg811M3mSoWlxqi2QaUc=",
      "dependencies": {
        "ee-first": "1.1.1"
      },
      "engines": {
        "node": ">= 0.8"
      }
    },
    "node_modules/on-headers": {
      "version": "1.0.2",
      "resolved": "https://registry.npmjs.org/on-headers/-/on-headers-1.0.2.tgz",
      "integrity": "sha512-pZAE+FJLoyITytdqK0U5s+FIpjN0JP3OzFi/u8Rx+EV5/W+JTWGXG8xFzevE7AjBfDqHv/8vL8qQsIhHnqRkrA==",
      "engines": {
        "node": ">= 0.8"
      }
    },
    "node_modules/pm2": {
      "resolved": "../../node_modules/.pnpm/pm2@5.1.2/node_modules/pm2",
      "link": true
    },
    "node_modules/safe-buffer": {
      "version": "5.1.2",
      "resolved": "https://registry.npmjs.org/safe-buffer/-/safe-buffer-5.1.2.tgz",
      "integrity": "sha512-Gd2UZBJDkXlY7GbJxfsE8/nvKkUEU1G38c1siN6QP6a9PT9MmHB8GnpscSmMJSoF8LOIrt8ud/wPtojys4G6+g=="
    }
  },
  "dependencies": {
    "@types/morgan": {
      "version": "file:../../node_modules/.pnpm/@types+morgan@1.9.3/node_modules/@types/morgan",
      "requires": {
        "@types/node": "*"
      }
    },
    "basic-auth": {
      "version": "2.0.1",
      "resolved": "https://registry.npmjs.org/basic-auth/-/basic-auth-2.0.1.tgz",
      "integrity": "sha512-NF+epuEdnUYVlGuhaxbbq+dvJttwLnGY+YixlXlME5KpQ5W3CnXA5cVTneY3SPbPDRkcjMbifrwmFYcClgOZeg==",
      "requires": {
        "safe-buffer": "5.1.2"
      }
    },
    "debug": {
      "version": "2.6.9",
      "resolved": "https://registry.npmjs.org/debug/-/debug-2.6.9.tgz",
      "integrity": "sha512-bC7ElrdJaJnPbAP+1EotYvqZsb3ecl5wi6Bfi6BJTUcNowp6cvspg0jXznRTKDjm/E7AdgFBVeAPVMNcKGsHMA==",
      "requires": {
        "ms": "2.0.0"
      }
    },
    "depd": {
      "version": "2.0.0",
      "resolved": "https://registry.npmjs.org/depd/-/depd-2.0.0.tgz",
      "integrity": "sha512-g7nH6P6dyDioJogAAGprGpCtVImJhpPk/roCzdb3fIh61/s/nPsfR6onyMwkCAR/OlC3yBC0lESvUoQEAssIrw=="
    },
    "ee-first": {
      "version": "1.1.1",
      "resolved": "https://registry.npmjs.org/ee-first/-/ee-first-1.1.1.tgz",
      "integrity": "sha1-WQxhFWsK4vTwJVcyoViyZrxWsh0="
    },
    "forever": {
      "version": "file:../../node_modules/.pnpm/forever@4.0.1/node_modules/forever",
      "requires": {
        "async": "^1.5.2",
        "chai": "^4.2.0",
        "cli-testlab": "^1.10.0",
        "cliff": "^0.1.10",
        "clone": "^2.1.2",
        "colors": "^0.6.2",
        "configstore": "4.0.0",
        "eslint": "^5.16.0",
        "eslint-config-prettier": "^6.11.0",
        "eslint-plugin-prettier": "^3.1.3",
        "eventemitter2": "6.4.4",
        "flatiron": "~0.4.3",
        "forever-monitor": "^3.0.3",
        "getopts": "2.3.0",
        "mkdirp": "^0.5.5",
        "mocha": "^6.2.2",
        "moment": "^2.24.0",
        "nssocket": "^0.6.0",
        "object-assign": "^4.1.1",
        "prettier": "^1.19.1",
        "prettyjson": "^1.2.1",
        "request": "2.88.2",
        "shush": "^1.0.0",
        "vows": "0.7.x",
        "winston": "~0.8.1"
      }
    },
    "morgan": {
      "version": "1.10.0",
      "resolved": "https://registry.npmjs.org/morgan/-/morgan-1.10.0.tgz",
      "integrity": "sha512-AbegBVI4sh6El+1gNwvD5YIck7nSA36weD7xvIxG4in80j/UoK8AEGaWnnz8v1GxonMCltmlNs5ZKbGvl9b1XQ==",
      "requires": {
        "basic-auth": "~2.0.1",
        "debug": "2.6.9",
        "depd": "~2.0.0",
        "on-finished": "~2.3.0",
        "on-headers": "~1.0.2"
      }
    },
    "ms": {
      "version": "2.0.0",
      "resolved": "https://registry.npmjs.org/ms/-/ms-2.0.0.tgz",
      "integrity": "sha1-VgiurfwAvmwpAd9fmGF4jeDVl8g="
    },
    "on-finished": {
      "version": "2.3.0",
      "resolved": "https://registry.npmjs.org/on-finished/-/on-finished-2.3.0.tgz",
      "integrity": "sha1-IPEzZIGwg811M3mSoWlxqi2QaUc=",
      "requires": {
        "ee-first": "1.1.1"
      }
    },
    "on-headers": {
      "version": "1.0.2",
      "resolved": "https://registry.npmjs.org/on-headers/-/on-headers-1.0.2.tgz",
      "integrity": "sha512-pZAE+FJLoyITytdqK0U5s+FIpjN0JP3OzFi/u8Rx+EV5/W+JTWGXG8xFzevE7AjBfDqHv/8vL8qQsIhHnqRkrA=="
    },
    "pm2": {
      "version": "file:../../node_modules/.pnpm/pm2@5.1.2/node_modules/pm2",
      "requires": {
        "@pm2/agent": "~2.0.0",
        "@pm2/io": "~5.0.0",
        "@pm2/js-api": "~0.6.7",
        "@pm2/pm2-version-check": "latest",
        "async": "~3.2.0",
        "blessed": "0.1.81",
        "chalk": "3.0.0",
        "chokidar": "^3.5.1",
        "cli-tableau": "^2.0.0",
        "commander": "2.15.1",
        "cron": "1.8.2",
        "dayjs": "~1.8.25",
        "debug": "^4.3.1",
        "enquirer": "2.3.6",
        "eventemitter2": "5.0.1",
        "fclone": "1.0.11",
        "mkdirp": "1.0.4",
        "mocha": "^8.3.2",
        "needle": "2.4.0",
        "pidusage": "2.0.21",
        "pm2-axon": "~4.0.1",
        "pm2-axon-rpc": "~0.7.1",
        "pm2-deploy": "~1.0.2",
        "pm2-multimeter": "^0.1.2",
        "pm2-sysmonit": "^1.2.8",
        "promptly": "^2",
        "semver": "^7.2",
        "should": "^13.2.3",
        "source-map-support": "0.5.19",
        "sprintf-js": "1.1.2",
        "vizion": "~2.2.1",
        "yamljs": "0.3.0"
      }
    },
    "safe-buffer": {
      "version": "5.1.2",
      "resolved": "https://registry.npmjs.org/safe-buffer/-/safe-buffer-5.1.2.tgz",
      "integrity": "sha512-Gd2UZBJDkXlY7GbJxfsE8/nvKkUEU1G38c1siN6QP6a9PT9MmHB8GnpscSmMJSoF8LOIrt8ud/wPtojys4G6+g=="
    }
  }
}
